
Microsoft Visual Studio Solution File, Format Version 12.00
# Visual Studio 15
VisualStudioVersion = 15.0.28010.2041
MinimumVisualStudioVersion = 10.0.40219.1
Project("{9A19103F-16F7-4668-BE54-9A1E7A4F7556}") = "ClassBox", "Encapsulation EX\ClassBox.csproj", "{6A0A1637-C3F7-4938-B722-5219C05C874E}"
EndProject
Project("{9A19103F-16F7-4668-BE54-9A1E7A4F7556}") = "AnimalFarm", "AnimalFarm\AnimalFarm.csproj", "{50280A6E-80F4-4285-959D-E26EEF2459E5}"
EndProject
Project("{9A19103F-16F7-4668-BE54-9A1E7A4F7556}") = "ShoppingSpree", "ShoppingSpree\ShoppingSpree.csproj", "{49D1157D-E87E-4F0B-B764-1F63E97FE815}"
EndProject
Project("{9A19103F-16F7-4668-BE54-9A1E7A4F7556}") = "PizzaCalories", "PizzaCalories\PizzaCalories.csproj", "{F7AB7B09-48D1-4034-BA6A-277765D44214}"
EndProject
Project("{FAE04EC0-301F-11D3-BF4B-00C04F79EFBC}") = "FootballTeamGenerator", "FootballTeamGenerator\FootballTeamGenerator.csproj", "{A7F19749-D828-4FC4-99A9-D283CA69C8BE}"
EndProject
Global
	GlobalSection(SolutionConfigurationPlatforms) = preSolution
		Debug|Any CPU = Debug|Any CPU
		Release|Any CPU = Release|Any CPU
	EndGlobalSection
	GlobalSection(ProjectConfigurationPlatforms) = postSolution
		{6A0A1637-C3F7-4938-B722-5219C05C874E}.Debug|Any CPU.ActiveCfg = Debug|Any CPU
		{6A0A1637-C3F7-4938-B722-5219C05C874E}.Debug|Any CPU.Build.0 = Debug|Any CPU
		{6A0A1637-C3F7-4938-B722-5219C05C874E}.Release|Any CPU.ActiveCfg = Release|Any CPU
		{6A0A1637-C3F7-4938-B722-5219C05C874E}.Release|Any CPU.Build.0 = Release|Any CPU
		{50280A6E-80F4-4285-959D-E26EEF2459E5}.Debug|Any CPU.ActiveCfg = Debug|Any CPU
		{50280A6E-80F4-4285-959D-E26EEF2459E5}.Debug|Any CPU.Build.0 = Debug|Any CPU
		{50280A6E-80F4-4285-959D-E26EEF2459E5}.Release|Any CPU.ActiveCfg = Release|Any CPU
		{50280A6E-80F4-4285-959D-E26EEF2459E5}.Release|Any CPU.Build.0 = Release|Any CPU
		{49D1157D-E87E-4F0B-B764-1F63E97FE815}.Debug|Any CPU.ActiveCfg = Debug|Any CPU
		{49D1157D-E87E-4F0B-B764-1F63E97FE815}.Debug|Any CPU.Build.0 = Debug|Any CPU
		{49D1157D-E87E-4F0B-B764-1F63E97FE815}.Release|Any CPU.ActiveCfg = Release|Any CPU
		{49D1157D-E87E-4F0B-B764-1F63E97FE815}.Release|Any CPU.Build.0 = Release|Any CPU
		{F7AB7B09-48D1-4034-BA6A-277765D44214}.Debug|Any CPU.ActiveCfg = Debug|Any CPU
		{F7AB7B09-48D1-4034-BA6A-277765D44214}.Debug|Any CPU.Build.0 = Debug|Any CPU
		{F7AB7B09-48D1-4034-BA6A-277765D44214}.Release|Any CPU.ActiveCfg = Release|Any CPU
		{F7AB7B09-48D1-4034-BA6A-277765D44214}.Release|Any CPU.Build.0 = Release|Any CPU
		{A7F19749-D828-4FC4-99A9-D283CA69C8BE}.Debug|Any CPU.ActiveCfg = Debug|Any CPU
		{A7F19749-D828-4FC4-99A9-D283CA69C8BE}.Debug|Any CPU.Build.0 = Debug|Any CPU
		{A7F19749-D828-4FC4-99A9-D283CA69C8BE}.Release|Any CPU.ActiveCfg = Release|Any CPU
		{A7F19749-D828-4FC4-99A9-D283CA69C8BE}.Release|Any CPU.Build.0 = Release|Any CPU
	EndGlobalSection
	GlobalSection(SolutionProperties) = preSolution
		HideSolutionNode = FALSE
	EndGlobalSection
	GlobalSection(ExtensibilityGlobals) = postSolution
		SolutionGuid = {0115503A-08E0-4E90-8EE4-E002FA3B4C0D}
	EndGlobalSection
EndGlobal
