
Microsoft Visual Studio Solution File, Format Version 12.00
# Visual Studio 15
VisualStudioVersion = 15.0.28010.2041
MinimumVisualStudioVersion = 10.0.40219.1
Project("{9A19103F-16F7-4668-BE54-9A1E7A4F7556}") = "Person", "Inheritance EX\Person.csproj", "{9765B297-C8E4-4EEA-B383-54D029C11D29}"
EndProject
Project("{9A19103F-16F7-4668-BE54-9A1E7A4F7556}") = "Bookshop", "Bookshop\Bookshop.csproj", "{67C3E25A-05E7-482D-B0E7-D5293EBCFC78}"
EndProject
Project("{9A19103F-16F7-4668-BE54-9A1E7A4F7556}") = "Mankind", "Mankind\Mankind.csproj", "{30FEA691-E633-4A0D-88FF-B1F1151735EB}"
EndProject
Project("{9A19103F-16F7-4668-BE54-9A1E7A4F7556}") = "OnlineRadioDatabase", "OnlineRadioDatabase\OnlineRadioDatabase.csproj", "{A88CD136-3DEF-463F-BA7E-EB456B1141EE}"
EndProject
Project("{9A19103F-16F7-4668-BE54-9A1E7A4F7556}") = "Animals", "Animals\Animals.csproj", "{2358931D-90B9-4307-8521-88B35AF218E3}"
EndProject
Project("{9A19103F-16F7-4668-BE54-9A1E7A4F7556}") = "MordorsCruelPlan", "MordorsCruelPlan\MordorsCruelPlan.csproj", "{CCDE1A0F-E727-418B-924E-81B487C2E91F}"
EndProject
Global
	GlobalSection(SolutionConfigurationPlatforms) = preSolution
		Debug|Any CPU = Debug|Any CPU
		Release|Any CPU = Release|Any CPU
	EndGlobalSection
	GlobalSection(ProjectConfigurationPlatforms) = postSolution
		{9765B297-C8E4-4EEA-B383-54D029C11D29}.Debug|Any CPU.ActiveCfg = Debug|Any CPU
		{9765B297-C8E4-4EEA-B383-54D029C11D29}.Debug|Any CPU.Build.0 = Debug|Any CPU
		{9765B297-C8E4-4EEA-B383-54D029C11D29}.Release|Any CPU.ActiveCfg = Release|Any CPU
		{9765B297-C8E4-4EEA-B383-54D029C11D29}.Release|Any CPU.Build.0 = Release|Any CPU
		{67C3E25A-05E7-482D-B0E7-D5293EBCFC78}.Debug|Any CPU.ActiveCfg = Debug|Any CPU
		{67C3E25A-05E7-482D-B0E7-D5293EBCFC78}.Debug|Any CPU.Build.0 = Debug|Any CPU
		{67C3E25A-05E7-482D-B0E7-D5293EBCFC78}.Release|Any CPU.ActiveCfg = Release|Any CPU
		{67C3E25A-05E7-482D-B0E7-D5293EBCFC78}.Release|Any CPU.Build.0 = Release|Any CPU
		{30FEA691-E633-4A0D-88FF-B1F1151735EB}.Debug|Any CPU.ActiveCfg = Debug|Any CPU
		{30FEA691-E633-4A0D-88FF-B1F1151735EB}.Debug|Any CPU.Build.0 = Debug|Any CPU
		{30FEA691-E633-4A0D-88FF-B1F1151735EB}.Release|Any CPU.ActiveCfg = Release|Any CPU
		{30FEA691-E633-4A0D-88FF-B1F1151735EB}.Release|Any CPU.Build.0 = Release|Any CPU
		{A88CD136-3DEF-463F-BA7E-EB456B1141EE}.Debug|Any CPU.ActiveCfg = Debug|Any CPU
		{A88CD136-3DEF-463F-BA7E-EB456B1141EE}.Debug|Any CPU.Build.0 = Debug|Any CPU
		{A88CD136-3DEF-463F-BA7E-EB456B1141EE}.Release|Any CPU.ActiveCfg = Release|Any CPU
		{A88CD136-3DEF-463F-BA7E-EB456B1141EE}.Release|Any CPU.Build.0 = Release|Any CPU
		{2358931D-90B9-4307-8521-88B35AF218E3}.Debug|Any CPU.ActiveCfg = Debug|Any CPU
		{2358931D-90B9-4307-8521-88B35AF218E3}.Debug|Any CPU.Build.0 = Debug|Any CPU
		{2358931D-90B9-4307-8521-88B35AF218E3}.Release|Any CPU.ActiveCfg = Release|Any CPU
		{2358931D-90B9-4307-8521-88B35AF218E3}.Release|Any CPU.Build.0 = Release|Any CPU
		{CCDE1A0F-E727-418B-924E-81B487C2E91F}.Debug|Any CPU.ActiveCfg = Debug|Any CPU
		{CCDE1A0F-E727-418B-924E-81B487C2E91F}.Debug|Any CPU.Build.0 = Debug|Any CPU
		{CCDE1A0F-E727-418B-924E-81B487C2E91F}.Release|Any CPU.ActiveCfg = Release|Any CPU
		{CCDE1A0F-E727-418B-924E-81B487C2E91F}.Release|Any CPU.Build.0 = Release|Any CPU
	EndGlobalSection
	GlobalSection(SolutionProperties) = preSolution
		HideSolutionNode = FALSE
	EndGlobalSection
	GlobalSection(ExtensibilityGlobals) = postSolution
		SolutionGuid = {BA35533F-5827-4A36-8C0A-333E5B12087A}
	EndGlobalSection
EndGlobal
