
Microsoft Visual Studio Solution File, Format Version 12.00
# Visual Studio 15
VisualStudioVersion = 15.0.28010.0
MinimumVisualStudioVersion = 10.0.40219.1
Project("{9A19103F-16F7-4668-BE54-9A1E7A4F7556}") = "MultidimentionalArrays EX", "MultidimentionalArrays EX\MultidimentionalArrays EX.csproj", "{E1E9219C-A38F-449D-8DD8-DDB8C9B2E497}"
EndProject
Project("{9A19103F-16F7-4668-BE54-9A1E7A4F7556}") = "Diagonal Difference", "Diagonal Difference\Diagonal Difference.csproj", "{89895132-A21D-4A2E-933B-B0669771388F}"
EndProject
Project("{FAE04EC0-301F-11D3-BF4B-00C04F79EFBC}") = "2x2SquearsInMatrix", "2x2SquearsInMatrix\2x2SquearsInMatrix.csproj", "{2406C9B3-5C06-416A-8AC5-A9C9DEDD7D16}"
EndProject
Project("{FAE04EC0-301F-11D3-BF4B-00C04F79EFBC}") = "MaximalSum", "MaximalSum\MaximalSum.csproj", "{039E6CDC-C1D6-4433-ABD1-631BB5BCEF92}"
EndProject
Project("{FAE04EC0-301F-11D3-BF4B-00C04F79EFBC}") = "Rubic'sCube", "Rubic'sCube\Rubic'sCube.csproj", "{CACCE3C7-B09A-4EB5-9F6D-AA178C594AA1}"
EndProject
Project("{FAE04EC0-301F-11D3-BF4B-00C04F79EFBC}") = "TargetPractice", "TargetPractice\TargetPractice.csproj", "{04A38391-B574-47CA-81D9-A2346D5A4754}"
EndProject
Project("{FAE04EC0-301F-11D3-BF4B-00C04F79EFBC}") = "LegoBlocks", "LegoBlocks\LegoBlocks.csproj", "{C34056AD-483B-47C0-B501-1FE37AB7C996}"
EndProject
Global
	GlobalSection(SolutionConfigurationPlatforms) = preSolution
		Debug|Any CPU = Debug|Any CPU
		Release|Any CPU = Release|Any CPU
	EndGlobalSection
	GlobalSection(ProjectConfigurationPlatforms) = postSolution
		{E1E9219C-A38F-449D-8DD8-DDB8C9B2E497}.Debug|Any CPU.ActiveCfg = Debug|Any CPU
		{E1E9219C-A38F-449D-8DD8-DDB8C9B2E497}.Debug|Any CPU.Build.0 = Debug|Any CPU
		{E1E9219C-A38F-449D-8DD8-DDB8C9B2E497}.Release|Any CPU.ActiveCfg = Release|Any CPU
		{E1E9219C-A38F-449D-8DD8-DDB8C9B2E497}.Release|Any CPU.Build.0 = Release|Any CPU
		{89895132-A21D-4A2E-933B-B0669771388F}.Debug|Any CPU.ActiveCfg = Debug|Any CPU
		{89895132-A21D-4A2E-933B-B0669771388F}.Debug|Any CPU.Build.0 = Debug|Any CPU
		{89895132-A21D-4A2E-933B-B0669771388F}.Release|Any CPU.ActiveCfg = Release|Any CPU
		{89895132-A21D-4A2E-933B-B0669771388F}.Release|Any CPU.Build.0 = Release|Any CPU
		{2406C9B3-5C06-416A-8AC5-A9C9DEDD7D16}.Debug|Any CPU.ActiveCfg = Debug|Any CPU
		{2406C9B3-5C06-416A-8AC5-A9C9DEDD7D16}.Debug|Any CPU.Build.0 = Debug|Any CPU
		{2406C9B3-5C06-416A-8AC5-A9C9DEDD7D16}.Release|Any CPU.ActiveCfg = Release|Any CPU
		{2406C9B3-5C06-416A-8AC5-A9C9DEDD7D16}.Release|Any CPU.Build.0 = Release|Any CPU
		{039E6CDC-C1D6-4433-ABD1-631BB5BCEF92}.Debug|Any CPU.ActiveCfg = Debug|Any CPU
		{039E6CDC-C1D6-4433-ABD1-631BB5BCEF92}.Debug|Any CPU.Build.0 = Debug|Any CPU
		{039E6CDC-C1D6-4433-ABD1-631BB5BCEF92}.Release|Any CPU.ActiveCfg = Release|Any CPU
		{039E6CDC-C1D6-4433-ABD1-631BB5BCEF92}.Release|Any CPU.Build.0 = Release|Any CPU
		{CACCE3C7-B09A-4EB5-9F6D-AA178C594AA1}.Debug|Any CPU.ActiveCfg = Debug|Any CPU
		{CACCE3C7-B09A-4EB5-9F6D-AA178C594AA1}.Debug|Any CPU.Build.0 = Debug|Any CPU
		{CACCE3C7-B09A-4EB5-9F6D-AA178C594AA1}.Release|Any CPU.ActiveCfg = Release|Any CPU
		{CACCE3C7-B09A-4EB5-9F6D-AA178C594AA1}.Release|Any CPU.Build.0 = Release|Any CPU
		{04A38391-B574-47CA-81D9-A2346D5A4754}.Debug|Any CPU.ActiveCfg = Debug|Any CPU
		{04A38391-B574-47CA-81D9-A2346D5A4754}.Debug|Any CPU.Build.0 = Debug|Any CPU
		{04A38391-B574-47CA-81D9-A2346D5A4754}.Release|Any CPU.ActiveCfg = Release|Any CPU
		{04A38391-B574-47CA-81D9-A2346D5A4754}.Release|Any CPU.Build.0 = Release|Any CPU
		{C34056AD-483B-47C0-B501-1FE37AB7C996}.Debug|Any CPU.ActiveCfg = Debug|Any CPU
		{C34056AD-483B-47C0-B501-1FE37AB7C996}.Debug|Any CPU.Build.0 = Debug|Any CPU
		{C34056AD-483B-47C0-B501-1FE37AB7C996}.Release|Any CPU.ActiveCfg = Release|Any CPU
		{C34056AD-483B-47C0-B501-1FE37AB7C996}.Release|Any CPU.Build.0 = Release|Any CPU
	EndGlobalSection
	GlobalSection(SolutionProperties) = preSolution
		HideSolutionNode = FALSE
	EndGlobalSection
	GlobalSection(ExtensibilityGlobals) = postSolution
		SolutionGuid = {EB49FBC8-8A87-417C-A09E-B1881E908A4C}
	EndGlobalSection
EndGlobal
