
Microsoft Visual Studio Solution File, Format Version 12.00
# Visual Studio Version 16
VisualStudioVersion = 16.0.29306.81
MinimumVisualStudioVersion = 10.0.40219.1
Project("{FAE04EC0-301F-11D3-BF4B-00C04F79EFBC}") = "Trees", "Trees\Trees.csproj", "{DD11E965-0A80-4A53-A601-E9D01DB984F2}"
EndProject
Global
	GlobalSection(SolutionConfigurationPlatforms) = preSolution
		Debug|Any CPU = Debug|Any CPU
		Release|Any CPU = Release|Any CPU
	EndGlobalSection
	GlobalSection(ProjectConfigurationPlatforms) = postSolution
		{DD11E965-0A80-4A53-A601-E9D01DB984F2}.Debug|Any CPU.ActiveCfg = Debug|Any CPU
		{DD11E965-0A80-4A53-A601-E9D01DB984F2}.Debug|Any CPU.Build.0 = Debug|Any CPU
		{DD11E965-0A80-4A53-A601-E9D01DB984F2}.Release|Any CPU.ActiveCfg = Release|Any CPU
		{DD11E965-0A80-4A53-A601-E9D01DB984F2}.Release|Any CPU.Build.0 = Release|Any CPU
	EndGlobalSection
	GlobalSection(SolutionProperties) = preSolution
		HideSolutionNode = FALSE
	EndGlobalSection
	GlobalSection(ExtensibilityGlobals) = postSolution
		SolutionGuid = {44A5CA29-E312-4FE7-8E48-BBE802E608E9}
	EndGlobalSection
EndGlobal
