
Microsoft Visual Studio Solution File, Format Version 12.00
# Visual Studio 15
VisualStudioVersion = 15.0.28307.421
MinimumVisualStudioVersion = 10.0.40219.1
Project("{FAE04EC0-301F-11D3-BF4B-00C04F79EFBC}") = "SoftUni", "SoftUni\SoftUni.csproj", "{4911E0B8-0ABF-4ED6-ACFD-6726C9498AD0}"
EndProject
Global
	GlobalSection(SolutionConfigurationPlatforms) = preSolution
		Debug|Any CPU = Debug|Any CPU
		Release|Any CPU = Release|Any CPU
	EndGlobalSection
	GlobalSection(ProjectConfigurationPlatforms) = postSolution
		{4911E0B8-0ABF-4ED6-ACFD-6726C9498AD0}.Debug|Any CPU.ActiveCfg = Debug|Any CPU
		{4911E0B8-0ABF-4ED6-ACFD-6726C9498AD0}.Debug|Any CPU.Build.0 = Debug|Any CPU
		{4911E0B8-0ABF-4ED6-ACFD-6726C9498AD0}.Release|Any CPU.ActiveCfg = Release|Any CPU
		{4911E0B8-0ABF-4ED6-ACFD-6726C9498AD0}.Release|Any CPU.Build.0 = Release|Any CPU
	EndGlobalSection
	GlobalSection(SolutionProperties) = preSolution
		HideSolutionNode = FALSE
	EndGlobalSection
	GlobalSection(ExtensibilityGlobals) = postSolution
		SolutionGuid = {62191F85-42F4-4198-9B9B-21229F82C0EF}
	EndGlobalSection
EndGlobal
