
Microsoft Visual Studio Solution File, Format Version 12.00
# Visual Studio 15
VisualStudioVersion = 15.0.28010.2041
MinimumVisualStudioVersion = 10.0.40219.1
Project("{FAE04EC0-301F-11D3-BF4B-00C04F79EFBC}") = "DefiningClasses LAB", "DefiningClasses LAB\DefiningClasses LAB.csproj", "{6A0058A2-38E6-42CE-9848-DCE68145EEEA}"
EndProject
Global
	GlobalSection(SolutionConfigurationPlatforms) = preSolution
		Debug|Any CPU = Debug|Any CPU
		Release|Any CPU = Release|Any CPU
	EndGlobalSection
	GlobalSection(ProjectConfigurationPlatforms) = postSolution
		{6A0058A2-38E6-42CE-9848-DCE68145EEEA}.Debug|Any CPU.ActiveCfg = Debug|Any CPU
		{6A0058A2-38E6-42CE-9848-DCE68145EEEA}.Debug|Any CPU.Build.0 = Debug|Any CPU
		{6A0058A2-38E6-42CE-9848-DCE68145EEEA}.Release|Any CPU.ActiveCfg = Release|Any CPU
		{6A0058A2-38E6-42CE-9848-DCE68145EEEA}.Release|Any CPU.Build.0 = Release|Any CPU
	EndGlobalSection
	GlobalSection(SolutionProperties) = preSolution
		HideSolutionNode = FALSE
	EndGlobalSection
	GlobalSection(ExtensibilityGlobals) = postSolution
		SolutionGuid = {1D3633C2-374B-437A-AE8F-7A7D0A06240C}
	EndGlobalSection
EndGlobal
