
Microsoft Visual Studio Solution File, Format Version 12.00
# Visual Studio 15
VisualStudioVersion = 15.0.27703.2000
MinimumVisualStudioVersion = 10.0.40219.1
Project("{9A19103F-16F7-4668-BE54-9A1E7A4F7556}") = "EXAM", "EXAM\EXAM.csproj", "{4145138C-EEFA-4F4B-8D6A-E921A75EAC4B}"
EndProject
Project("{9A19103F-16F7-4668-BE54-9A1E7A4F7556}") = "Problem 2", "Problem 2\Problem 2.csproj", "{9789352B-957E-47CB-A6E9-F69C9147873B}"
EndProject
Project("{9A19103F-16F7-4668-BE54-9A1E7A4F7556}") = "Problem 3", "Problem 3\Problem 3.csproj", "{B2FEDA02-EEED-4505-A97F-C577D45206F8}"
EndProject
Project("{9A19103F-16F7-4668-BE54-9A1E7A4F7556}") = "Problem 4", "Problem 4\Problem 4.csproj", "{1D642056-ED41-4F41-9DAE-07100AD53FAD}"
EndProject
Global
	GlobalSection(SolutionConfigurationPlatforms) = preSolution
		Debug|Any CPU = Debug|Any CPU
		Release|Any CPU = Release|Any CPU
	EndGlobalSection
	GlobalSection(ProjectConfigurationPlatforms) = postSolution
		{4145138C-EEFA-4F4B-8D6A-E921A75EAC4B}.Debug|Any CPU.ActiveCfg = Debug|Any CPU
		{4145138C-EEFA-4F4B-8D6A-E921A75EAC4B}.Debug|Any CPU.Build.0 = Debug|Any CPU
		{4145138C-EEFA-4F4B-8D6A-E921A75EAC4B}.Release|Any CPU.ActiveCfg = Release|Any CPU
		{4145138C-EEFA-4F4B-8D6A-E921A75EAC4B}.Release|Any CPU.Build.0 = Release|Any CPU
		{9789352B-957E-47CB-A6E9-F69C9147873B}.Debug|Any CPU.ActiveCfg = Debug|Any CPU
		{9789352B-957E-47CB-A6E9-F69C9147873B}.Debug|Any CPU.Build.0 = Debug|Any CPU
		{9789352B-957E-47CB-A6E9-F69C9147873B}.Release|Any CPU.ActiveCfg = Release|Any CPU
		{9789352B-957E-47CB-A6E9-F69C9147873B}.Release|Any CPU.Build.0 = Release|Any CPU
		{B2FEDA02-EEED-4505-A97F-C577D45206F8}.Debug|Any CPU.ActiveCfg = Debug|Any CPU
		{B2FEDA02-EEED-4505-A97F-C577D45206F8}.Debug|Any CPU.Build.0 = Debug|Any CPU
		{B2FEDA02-EEED-4505-A97F-C577D45206F8}.Release|Any CPU.ActiveCfg = Release|Any CPU
		{B2FEDA02-EEED-4505-A97F-C577D45206F8}.Release|Any CPU.Build.0 = Release|Any CPU
		{1D642056-ED41-4F41-9DAE-07100AD53FAD}.Debug|Any CPU.ActiveCfg = Debug|Any CPU
		{1D642056-ED41-4F41-9DAE-07100AD53FAD}.Debug|Any CPU.Build.0 = Debug|Any CPU
		{1D642056-ED41-4F41-9DAE-07100AD53FAD}.Release|Any CPU.ActiveCfg = Release|Any CPU
		{1D642056-ED41-4F41-9DAE-07100AD53FAD}.Release|Any CPU.Build.0 = Release|Any CPU
	EndGlobalSection
	GlobalSection(SolutionProperties) = preSolution
		HideSolutionNode = FALSE
	EndGlobalSection
	GlobalSection(ExtensibilityGlobals) = postSolution
		SolutionGuid = {5247F0B3-9588-479E-A175-63ECAA2B4BB0}
	EndGlobalSection
EndGlobal
