
Microsoft Visual Studio Solution File, Format Version 12.00
# Visual Studio 15
VisualStudioVersion = 15.0.28010.0
MinimumVisualStudioVersion = 10.0.40219.1
Project("{9A19103F-16F7-4668-BE54-9A1E7A4F7556}") = "Streams LAB", "Streams LAB\Streams LAB.csproj", "{AE360C2C-0F7F-45A2-AF0B-F8D3BD5F5CF0}"
EndProject
Project("{FAE04EC0-301F-11D3-BF4B-00C04F79EFBC}") = "WriteInReverse", "WriteInReverse\WriteInReverse.csproj", "{DA112460-5371-4A67-A78A-75DA8BDA367E}"
EndProject
Global
	GlobalSection(SolutionConfigurationPlatforms) = preSolution
		Debug|Any CPU = Debug|Any CPU
		Release|Any CPU = Release|Any CPU
	EndGlobalSection
	GlobalSection(ProjectConfigurationPlatforms) = postSolution
		{AE360C2C-0F7F-45A2-AF0B-F8D3BD5F5CF0}.Debug|Any CPU.ActiveCfg = Debug|Any CPU
		{AE360C2C-0F7F-45A2-AF0B-F8D3BD5F5CF0}.Debug|Any CPU.Build.0 = Debug|Any CPU
		{AE360C2C-0F7F-45A2-AF0B-F8D3BD5F5CF0}.Release|Any CPU.ActiveCfg = Release|Any CPU
		{AE360C2C-0F7F-45A2-AF0B-F8D3BD5F5CF0}.Release|Any CPU.Build.0 = Release|Any CPU
		{DA112460-5371-4A67-A78A-75DA8BDA367E}.Debug|Any CPU.ActiveCfg = Debug|Any CPU
		{DA112460-5371-4A67-A78A-75DA8BDA367E}.Debug|Any CPU.Build.0 = Debug|Any CPU
		{DA112460-5371-4A67-A78A-75DA8BDA367E}.Release|Any CPU.ActiveCfg = Release|Any CPU
		{DA112460-5371-4A67-A78A-75DA8BDA367E}.Release|Any CPU.Build.0 = Release|Any CPU
	EndGlobalSection
	GlobalSection(SolutionProperties) = preSolution
		HideSolutionNode = FALSE
	EndGlobalSection
	GlobalSection(ExtensibilityGlobals) = postSolution
		SolutionGuid = {80E7AFF8-8642-49CA-9783-E26DE95E12A1}
	EndGlobalSection
EndGlobal
