
Microsoft Visual Studio Solution File, Format Version 12.00
# Visual Studio 15
VisualStudioVersion = 15.0.28307.572
MinimumVisualStudioVersion = 10.0.40219.1
Project("{FAE04EC0-301F-11D3-BF4B-00C04F79EFBC}") = "CombinatorialAlgorithmsEX", "CombinatorialAlgorithmsEX\CombinatorialAlgorithmsEX.csproj", "{BFD19AAB-758C-41DB-A2CF-685270B700EA}"
EndProject
Global
	GlobalSection(SolutionConfigurationPlatforms) = preSolution
		Debug|Any CPU = Debug|Any CPU
		Release|Any CPU = Release|Any CPU
	EndGlobalSection
	GlobalSection(ProjectConfigurationPlatforms) = postSolution
		{BFD19AAB-758C-41DB-A2CF-685270B700EA}.Debug|Any CPU.ActiveCfg = Debug|Any CPU
		{BFD19AAB-758C-41DB-A2CF-685270B700EA}.Debug|Any CPU.Build.0 = Debug|Any CPU
		{BFD19AAB-758C-41DB-A2CF-685270B700EA}.Release|Any CPU.ActiveCfg = Release|Any CPU
		{BFD19AAB-758C-41DB-A2CF-685270B700EA}.Release|Any CPU.Build.0 = Release|Any CPU
	EndGlobalSection
	GlobalSection(SolutionProperties) = preSolution
		HideSolutionNode = FALSE
	EndGlobalSection
	GlobalSection(ExtensibilityGlobals) = postSolution
		SolutionGuid = {B5E2F9C4-D140-4BA3-B5E8-CA048DDF288F}
	EndGlobalSection
EndGlobal
