
Microsoft Visual Studio Solution File, Format Version 12.00
# Visual Studio 15
VisualStudioVersion = 15.0.28010.0
MinimumVisualStudioVersion = 10.0.40219.1
Project("{9A19103F-16F7-4668-BE54-9A1E7A4F7556}") = "Odd Lines", "Odd Lines\Odd Lines.csproj", "{3E65ECA1-21D0-4D0B-A72A-EDA55859AA7A}"
EndProject
Project("{9A19103F-16F7-4668-BE54-9A1E7A4F7556}") = "Line Numbers", "Line Numbers\Line Numbers.csproj", "{9476BB32-4B50-4303-8BFF-740DF47003FA}"
EndProject
Project("{9A19103F-16F7-4668-BE54-9A1E7A4F7556}") = "Word Count", "Word Count\Word Count.csproj", "{ABD873BC-0644-4660-8E5F-6B382E106F4D}"
EndProject
Project("{9A19103F-16F7-4668-BE54-9A1E7A4F7556}") = "Copy Binary File", "Copy Binary File\Copy Binary File.csproj", "{353CA6E5-2981-4856-A102-329BA023D99D}"
EndProject
Project("{FAE04EC0-301F-11D3-BF4B-00C04F79EFBC}") = "Slicing File", "Slicing File\Slicing File.csproj", "{C0BD368E-7EBC-4410-ABF6-E1B2F2423F6F}"
EndProject
Project("{FAE04EC0-301F-11D3-BF4B-00C04F79EFBC}") = "Zipping Sliced Files", "Zipping Sliced Files\Zipping Sliced Files.csproj", "{A5573F55-7BD0-4F63-9A14-9B2D532E399D}"
EndProject
Project("{FAE04EC0-301F-11D3-BF4B-00C04F79EFBC}") = "Directory Traversal", "Directory Traversal\Directory Traversal.csproj", "{22D63E90-7518-4DC6-8F43-A40F99EC1D3B}"
EndProject
Global
	GlobalSection(SolutionConfigurationPlatforms) = preSolution
		Debug|Any CPU = Debug|Any CPU
		Release|Any CPU = Release|Any CPU
	EndGlobalSection
	GlobalSection(ProjectConfigurationPlatforms) = postSolution
		{3E65ECA1-21D0-4D0B-A72A-EDA55859AA7A}.Debug|Any CPU.ActiveCfg = Debug|Any CPU
		{3E65ECA1-21D0-4D0B-A72A-EDA55859AA7A}.Debug|Any CPU.Build.0 = Debug|Any CPU
		{3E65ECA1-21D0-4D0B-A72A-EDA55859AA7A}.Release|Any CPU.ActiveCfg = Release|Any CPU
		{3E65ECA1-21D0-4D0B-A72A-EDA55859AA7A}.Release|Any CPU.Build.0 = Release|Any CPU
		{9476BB32-4B50-4303-8BFF-740DF47003FA}.Debug|Any CPU.ActiveCfg = Debug|Any CPU
		{9476BB32-4B50-4303-8BFF-740DF47003FA}.Debug|Any CPU.Build.0 = Debug|Any CPU
		{9476BB32-4B50-4303-8BFF-740DF47003FA}.Release|Any CPU.ActiveCfg = Release|Any CPU
		{9476BB32-4B50-4303-8BFF-740DF47003FA}.Release|Any CPU.Build.0 = Release|Any CPU
		{ABD873BC-0644-4660-8E5F-6B382E106F4D}.Debug|Any CPU.ActiveCfg = Debug|Any CPU
		{ABD873BC-0644-4660-8E5F-6B382E106F4D}.Debug|Any CPU.Build.0 = Debug|Any CPU
		{ABD873BC-0644-4660-8E5F-6B382E106F4D}.Release|Any CPU.ActiveCfg = Release|Any CPU
		{ABD873BC-0644-4660-8E5F-6B382E106F4D}.Release|Any CPU.Build.0 = Release|Any CPU
		{353CA6E5-2981-4856-A102-329BA023D99D}.Debug|Any CPU.ActiveCfg = Debug|Any CPU
		{353CA6E5-2981-4856-A102-329BA023D99D}.Debug|Any CPU.Build.0 = Debug|Any CPU
		{353CA6E5-2981-4856-A102-329BA023D99D}.Release|Any CPU.ActiveCfg = Release|Any CPU
		{353CA6E5-2981-4856-A102-329BA023D99D}.Release|Any CPU.Build.0 = Release|Any CPU
		{C0BD368E-7EBC-4410-ABF6-E1B2F2423F6F}.Debug|Any CPU.ActiveCfg = Debug|Any CPU
		{C0BD368E-7EBC-4410-ABF6-E1B2F2423F6F}.Debug|Any CPU.Build.0 = Debug|Any CPU
		{C0BD368E-7EBC-4410-ABF6-E1B2F2423F6F}.Release|Any CPU.ActiveCfg = Release|Any CPU
		{C0BD368E-7EBC-4410-ABF6-E1B2F2423F6F}.Release|Any CPU.Build.0 = Release|Any CPU
		{A5573F55-7BD0-4F63-9A14-9B2D532E399D}.Debug|Any CPU.ActiveCfg = Debug|Any CPU
		{A5573F55-7BD0-4F63-9A14-9B2D532E399D}.Debug|Any CPU.Build.0 = Debug|Any CPU
		{A5573F55-7BD0-4F63-9A14-9B2D532E399D}.Release|Any CPU.ActiveCfg = Release|Any CPU
		{A5573F55-7BD0-4F63-9A14-9B2D532E399D}.Release|Any CPU.Build.0 = Release|Any CPU
		{22D63E90-7518-4DC6-8F43-A40F99EC1D3B}.Debug|Any CPU.ActiveCfg = Debug|Any CPU
		{22D63E90-7518-4DC6-8F43-A40F99EC1D3B}.Debug|Any CPU.Build.0 = Debug|Any CPU
		{22D63E90-7518-4DC6-8F43-A40F99EC1D3B}.Release|Any CPU.ActiveCfg = Release|Any CPU
		{22D63E90-7518-4DC6-8F43-A40F99EC1D3B}.Release|Any CPU.Build.0 = Release|Any CPU
	EndGlobalSection
	GlobalSection(SolutionProperties) = preSolution
		HideSolutionNode = FALSE
	EndGlobalSection
	GlobalSection(ExtensibilityGlobals) = postSolution
		SolutionGuid = {E0642C1D-E04D-4328-86B2-CFA27D73706E}
	EndGlobalSection
EndGlobal
