
Microsoft Visual Studio Solution File, Format Version 12.00
# Visual Studio 15
VisualStudioVersion = 15.0.28010.2050
MinimumVisualStudioVersion = 10.0.40219.1
Project("{FAE04EC0-301F-11D3-BF4B-00C04F79EFBC}") = "StorageMaster", "StorageMaster\StorageMaster.csproj", "{63812539-0C61-476A-9285-E3D075058DBD}"
EndProject
Global
	GlobalSection(SolutionConfigurationPlatforms) = preSolution
		Debug|Any CPU = Debug|Any CPU
		Release|Any CPU = Release|Any CPU
	EndGlobalSection
	GlobalSection(ProjectConfigurationPlatforms) = postSolution
		{63812539-0C61-476A-9285-E3D075058DBD}.Debug|Any CPU.ActiveCfg = Debug|Any CPU
		{63812539-0C61-476A-9285-E3D075058DBD}.Debug|Any CPU.Build.0 = Debug|Any CPU
		{63812539-0C61-476A-9285-E3D075058DBD}.Release|Any CPU.ActiveCfg = Release|Any CPU
		{63812539-0C61-476A-9285-E3D075058DBD}.Release|Any CPU.Build.0 = Release|Any CPU
	EndGlobalSection
	GlobalSection(SolutionProperties) = preSolution
		HideSolutionNode = FALSE
	EndGlobalSection
	GlobalSection(ExtensibilityGlobals) = postSolution
		SolutionGuid = {49E1A494-ACD7-4758-8BB1-3D14576C90D7}
	EndGlobalSection
EndGlobal
